Microsoft Visual Studio Solution File, Format Version 12.00
# Visual Studio Version 17
VisualStudioVersion = 17.5.2.0
MinimumVisualStudioVersion = 10.0.40219.1
Project("{FAE04EC0-301F-11D3-BF4B-00C04F79EFBC}") = "PokeApi.Models", "PokeApi.Models\PokeApi.Models.csproj", "{3F3DDA4C-013A-46A8-9708-562A4FF98435}"
EndProject
Project("{FAE04EC0-301F-11D3-BF4B-00C04F79EFBC}") = "SchemaGenerator", "SchemaGenerator\SchemaGenerator.csproj", "{3F3DDA4C-013A-46A8-9708-562A4FF98435}"
EndProject
Global
	GlobalSection(SolutionConfigurationPlatforms) = preSolution
		Debug|Any CPU = Debug|Any CPU
		Release|Any CPU = Release|Any CPU
	EndGlobalSection
	GlobalSection(ProjectConfigurationPlatforms) = postSolution
		{3F3DDA4C-013A-46A8-9708-562A4FF98435}.Debug|Any CPU.ActiveCfg = Debug|Any CPU
		{3F3DDA4C-013A-46A8-9708-562A4FF98435}.Debug|Any CPU.Build.0 = Debug|Any CPU
		{3F3DDA4C-013A-46A8-9708-562A4FF98435}.Release|Any CPU.ActiveCfg = Release|Any CPU
		{3F3DDA4C-013A-46A8-9708-562A4FF98435}.Release|Any CPU.Build.0 = Release|Any CPU
	EndGlobalSection
	GlobalSection(SolutionProperties) = preSolution
		HideSolutionNode = FALSE
	EndGlobalSection
	GlobalSection(ExtensibilityGlobals) = postSolution
		SolutionGuid = {3D379044-719C-4727-9452-022FE7281C4E}
	EndGlobalSection
EndGlobal
